
Microsoft Visual Studio Solution File, Format Version 12.00
# Visual Studio Version 17
VisualStudioVersion = 17.10.34928.147
MinimumVisualStudioVersion = 10.0.40219.1
Project("{9A19103F-16F7-4668-BE54-9A1E7A4F7556}") = "WMPtoXML", "WMPtoXML\WMPtoXML.csproj", "{ECB45599-B04A-4636-8308-F269DA410DF8}"
EndProject
Project("{9A19103F-16F7-4668-BE54-9A1E7A4F7556}") = "MediaInfo", "MediaInfo\MediaInfo.csproj", "{A1CFA418-3004-4A96-B6F8-B26BEAA25866}"
EndProject
Project("{9A19103F-16F7-4668-BE54-9A1E7A4F7556}") = "MediaInfoTests", "MediaInfoTests\MediaInfoTests.csproj", "{44AF1E4B-16CE-4D61-BE6F-49BE24A461F2}"
EndProject
Global
	GlobalSection(SolutionConfigurationPlatforms) = preSolution
		Debug|Any CPU = Debug|Any CPU
		Release|Any CPU = Release|Any CPU
	EndGlobalSection
	GlobalSection(ProjectConfigurationPlatforms) = postSolution
		{ECB45599-B04A-4636-8308-F269DA410DF8}.Debug|Any CPU.ActiveCfg = Debug|Any CPU
		{ECB45599-B04A-4636-8308-F269DA410DF8}.Debug|Any CPU.Build.0 = Debug|Any CPU
		{ECB45599-B04A-4636-8308-F269DA410DF8}.Release|Any CPU.ActiveCfg = Release|Any CPU
		{ECB45599-B04A-4636-8308-F269DA410DF8}.Release|Any CPU.Build.0 = Release|Any CPU
		{A1CFA418-3004-4A96-B6F8-B26BEAA25866}.Debug|Any CPU.ActiveCfg = Debug|Any CPU
		{A1CFA418-3004-4A96-B6F8-B26BEAA25866}.Debug|Any CPU.Build.0 = Debug|Any CPU
		{A1CFA418-3004-4A96-B6F8-B26BEAA25866}.Release|Any CPU.ActiveCfg = Release|Any CPU
		{A1CFA418-3004-4A96-B6F8-B26BEAA25866}.Release|Any CPU.Build.0 = Release|Any CPU
		{44AF1E4B-16CE-4D61-BE6F-49BE24A461F2}.Debug|Any CPU.ActiveCfg = Debug|Any CPU
		{44AF1E4B-16CE-4D61-BE6F-49BE24A461F2}.Debug|Any CPU.Build.0 = Debug|Any CPU
		{44AF1E4B-16CE-4D61-BE6F-49BE24A461F2}.Release|Any CPU.ActiveCfg = Release|Any CPU
		{44AF1E4B-16CE-4D61-BE6F-49BE24A461F2}.Release|Any CPU.Build.0 = Release|Any CPU
	EndGlobalSection
	GlobalSection(SolutionProperties) = preSolution
		HideSolutionNode = FALSE
	EndGlobalSection
	GlobalSection(ExtensibilityGlobals) = postSolution
		SolutionGuid = {A6F29316-6002-4C4C-9AD5-E2AEE7587AC3}
	EndGlobalSection
EndGlobal
